// !$*UTF8*$!
{
	archiveVersion = 1;
	classes = {
	};
	objectVersion = 56;
	objects = {

/* Begin PBXBuildFile section */
		DEF361352AB23227008B7ED0 /* AppDelegate.swift in Sources */ = {isa = PBXBuildFile; fileRef = DEF361342AB23227008B7ED0 /* AppDelegate.swift */; };
		DEF361372AB23227008B7ED0 /* SceneDelegate.swift in Sources */ = {isa = PBXBuildFile; fileRef = DEF361362AB23227008B7ED0 /* SceneDelegate.swift */; };
		DEF361392AB23227008B7ED0 /* ViewController.swift in Sources */ = {isa = PBXBuildFile; fileRef = DEF361382AB23227008B7ED0 /* ViewController.swift */; };
		DEF3613E2AB23228008B7ED0 /* Assets.xcassets in Resources */ = {isa = PBXBuildFile; fileRef = DEF3613D2AB23228008B7ED0 /* Assets.xcassets */; };
		DEF361412AB23228008B7ED0 /* LaunchScreen.storyboard in Resources */ = {isa = PBXBuildFile; fileRef = DEF3613F2AB23228008B7ED0 /* LaunchScreen.storyboard */; };
		DEF3614E2AB23352008B7ED0 /* Lottery.swift in Sources */ = {isa = PBXBuildFile; fileRef = DEF3614D2AB23352008B7ED0 /* Lottery.swift */; };
		DEF361512AB233A7008B7ED0 /* APIService.swift in Sources */ = {isa = PBXBuildFile; fileRef = DEF361502AB233A7008B7ED0 /* APIService.swift */; };
		DEF361532AB23523008B7ED0 /* LotteryViewModel.swift in Sources */ = {isa = PBXBuildFile; fileRef = DEF361522AB23523008B7ED0 /* LotteryViewModel.swift */; };
		DEF361562AB23554008B7ED0 /* Observable.swift in Sources */ = {isa = PBXBuildFile; fileRef = DEF361552AB23554008B7ED0 /* Observable.swift */; };
		DEF361592AB242F3008B7ED0 /* SnapKit in Frameworks */ = {isa = PBXBuildFile; productRef = DEF361582AB242F3008B7ED0 /* SnapKit */; };
/* End PBXBuildFile section */

/* Begin PBXFileReference section */
		DEF361312AB23227008B7ED0 /* LotteryAPIwithMVVM.app */ = {isa = PBXFileReference; explicitFileType = wrapper.application; includeInIndex = 0; path = LotteryAPIwithMVVM.app; sourceTree = BUILT_PRODUCTS_DIR; };
		DEF361342AB23227008B7ED0 /* AppDelegate.swift */ = {isa = PBXFileReference; lastKnownFileType = sourcecode.swift; path = AppDelegate.swift; sourceTree = "<group>"; };
		DEF361362AB23227008B7ED0 /* SceneDelegate.swift */ = {isa = PBXFileReference; lastKnownFileType = sourcecode.swift; path = SceneDelegate.swift; sourceTree = "<group>"; };
		DEF361382AB23227008B7ED0 /* ViewController.swift */ = {isa = PBXFileReference; lastKnownFileType = sourcecode.swift; path = ViewController.swift; sourceTree = "<group>"; };
		DEF3613D2AB23228008B7ED0 /* Assets.xcassets */ = {isa = PBXFileReference; lastKnownFileType = folder.assetcatalog; path = Assets.xcassets; sourceTree = "<group>"; };
		DEF361402AB23228008B7ED0 /* Base */ = {isa = PBXFileReference; lastKnownFileType = file.storyboard; name = Base; path = Base.lproj/LaunchScreen.storyboard; sourceTree = "<group>"; };
		DEF361422AB23228008B7ED0 /* Info.plist */ = {isa = PBXFileReference; lastKnownFileType = text.plist.xml; path = Info.plist; sourceTree = "<group>"; };
		DEF3614D2AB23352008B7ED0 /* Lottery.swift */ = {isa = PBXFileReference; lastKnownFileType = sourcecode.swift; path = Lottery.swift; sourceTree = "<group>"; };
		DEF361502AB233A7008B7ED0 /* APIService.swift */ = {isa = PBXFileReference; lastKnownFileType = sourcecode.swift; path = APIService.swift; sourceTree = "<group>"; };
		DEF361522AB23523008B7ED0 /* LotteryViewModel.swift */ = {isa = PBXFileReference; lastKnownFileType = sourcecode.swift; path = LotteryViewModel.swift; sourceTree = "<group>"; };
		DEF361552AB23554008B7ED0 /* Observable.swift */ = {isa = PBXFileReference; lastKnownFileType = sourcecode.swift; path = Observable.swift; sourceTree = "<group>"; };
/* End PBXFileReference section */

/* Begin PBXFrameworksBuildPhase section */
		DEF3612E2AB23227008B7ED0 /* Frameworks */ = {
			isa = PBXFrameworksBuildPhase;
			buildActionMask = 2147483647;
			files = (
				DEF361592AB242F3008B7ED0 /* SnapKit in Frameworks */,
			);
			runOnlyForDeploymentPostprocessing = 0;
		};
/* End PBXFrameworksBuildPhase section */

/* Begin PBXGroup section */
		DEF361282AB23227008B7ED0 = {
			isa = PBXGroup;
			children = (
				DEF361332AB23227008B7ED0 /* LotteryAPIwithMVVM */,
				DEF361322AB23227008B7ED0 /* Products */,
			);
			sourceTree = "<group>";
		};
		DEF361322AB23227008B7ED0 /* Products */ = {
			isa = PBXGroup;
			children = (
				DEF361312AB23227008B7ED0 /* LotteryAPIwithMVVM.app */,
			);
			name = Products;
			sourceTree = "<group>";
		};
		DEF361332AB23227008B7ED0 /* LotteryAPIwithMVVM */ = {
			isa = PBXGroup;
			children = (
				DEF361482AB23232008B7ED0 /* App */,
				DEF3614F2AB23364008B7ED0 /* APIService */,
				DEF361542AB2353A008B7ED0 /* Helper */,
				DEF3614C2AB2325A008B7ED0 /* Models */,
				DEF3614A2AB23248008B7ED0 /* ViewModel */,
				DEF3614B2AB23250008B7ED0 /* View */,
				DEF3613D2AB23228008B7ED0 /* Assets.xcassets */,
				DEF3613F2AB23228008B7ED0 /* LaunchScreen.storyboard */,
				DEF361422AB23228008B7ED0 /* Info.plist */,
			);
			path = LotteryAPIwithMVVM;
			sourceTree = "<group>";
		};
		DEF361482AB23232008B7ED0 /* App */ = {
			isa = PBXGroup;
			children = (
				DEF361342AB23227008B7ED0 /* AppDelegate.swift */,
				DEF361362AB23227008B7ED0 /* SceneDelegate.swift */,
			);
			path = App;
			sourceTree = "<group>";
		};
		DEF3614A2AB23248008B7ED0 /* ViewModel */ = {
			isa = PBXGroup;
			children = (
				DEF361522AB23523008B7ED0 /* LotteryViewModel.swift */,
			);
			path = ViewModel;
			sourceTree = "<group>";
		};
		DEF3614B2AB23250008B7ED0 /* View */ = {
			isa = PBXGroup;
			children = (
				DEF361382AB23227008B7ED0 /* ViewController.swift */,
			);
			path = View;
			sourceTree = "<group>";
		};
		DEF3614C2AB2325A008B7ED0 /* Models */ = {
			isa = PBXGroup;
			children = (
				DEF3614D2AB23352008B7ED0 /* Lottery.swift */,
			);
			path = Models;
			sourceTree = "<group>";
		};
		DEF3614F2AB23364008B7ED0 /* APIService */ = {
			isa = PBXGroup;
			children = (
				DEF361502AB233A7008B7ED0 /* APIService.swift */,
			);
			path = APIService;
			sourceTree = "<group>";
		};
		DEF361542AB2353A008B7ED0 /* Helper */ = {
			isa = PBXGroup;
			children = (
				DEF361552AB23554008B7ED0 /* Observable.swift */,
			);
			path = Helper;
			sourceTree = "<group>";
		};
/* End PBXGroup section */

/* Begin PBXNativeTarget section */
		DEF361302AB23227008B7ED0 /* LotteryAPIwithMVVM */ = {
			isa = PBXNativeTarget;
			buildConfigurationList = DEF361452AB23228008B7ED0 /* Build configuration list for PBXNativeTarget "LotteryAPIwithMVVM" */;
			buildPhases = (
				DEF3612D2AB23227008B7ED0 /* Sources */,
				DEF3612E2AB23227008B7ED0 /* Frameworks */,
				DEF3612F2AB23227008B7ED0 /* Resources */,
			);
			buildRules = (
			);
			dependencies = (
			);
			name = LotteryAPIwithMVVM;
			packageProductDependencies = (
				DEF361582AB242F3008B7ED0 /* SnapKit */,
			);
			productName = LotteryAPIwithMVVM;
			productReference = DEF361312AB23227008B7ED0 /* LotteryAPIwithMVVM.app */;
			productType = "com.apple.product-type.application";
		};
/* End PBXNativeTarget section */

/* Begin PBXProject section */
		DEF361292AB23227008B7ED0 /* Project object */ = {
			isa = PBXProject;
			attributes = {
				BuildIndependentTargetsInParallel = 1;
				LastSwiftUpdateCheck = 1430;
				LastUpgradeCheck = 1430;
				TargetAttributes = {
					DEF361302AB23227008B7ED0 = {
						CreatedOnToolsVersion = 14.3.1;
					};
				};
			};
			buildConfigurationList = DEF3612C2AB23227008B7ED0 /* Build configuration list for PBXProject "LotteryAPIwithMVVM" */;
			compatibilityVersion = "Xcode 14.0";
			developmentRegion = en;
			hasScannedForEncodings = 0;
			knownRegions = (
				en,
				Base,
			);
			mainGroup = DEF361282AB23227008B7ED0;
			packageReferences = (
				DEF361572AB242F3008B7ED0 /* XCRemoteSwiftPackageReference "SnapKit" */,
			);
			productRefGroup = DEF361322AB23227008B7ED0 /* Products */;
			projectDirPath = "";
			projectRoot = "";
			targets = (
				DEF361302AB23227008B7ED0 /* LotteryAPIwithMVVM */,
			);
		};
/* End PBXProject section */

/* Begin PBXResourcesBuildPhase section */
		DEF3612F2AB23227008B7ED0 /* Resources */ = {
			isa = PBXResourcesBuildPhase;
			buildActionMask = 2147483647;
			files = (
				DEF361412AB23228008B7ED0 /* LaunchScreen.storyboard in Resources */,
				DEF3613E2AB23228008B7ED0 /* Assets.xcassets in Resources */,
			);
			runOnlyForDeploymentPostprocessing = 0;
		};
/* End PBXResourcesBuildPhase section */

/* Begin PBXSourcesBuildPhase section */
		DEF3612D2AB23227008B7ED0 /* Sources */ = {
			isa = PBXSourcesBuildPhase;
			buildActionMask = 2147483647;
			files = (
				DEF361392AB23227008B7ED0 /* ViewController.swift in Sources */,
				DEF361512AB233A7008B7ED0 /* APIService.swift in Sources */,
				DEF361352AB23227008B7ED0 /* AppDelegate.swift in Sources */,
				DEF361562AB23554008B7ED0 /* Observable.swift in Sources */,
				DEF361372AB23227008B7ED0 /* SceneDelegate.swift in Sources */,
				DEF361532AB23523008B7ED0 /* LotteryViewModel.swift in Sources */,
				DEF3614E2AB23352008B7ED0 /* Lottery.swift in Sources */,
			);
			runOnlyForDeploymentPostprocessing = 0;
		};
/* End PBXSourcesBuildPhase section */

/* Begin PBXVariantGroup section */
		DEF3613F2AB23228008B7ED0 /* LaunchScreen.storyboard */ = {
			isa = PBXVariantGroup;
			children = (
				DEF361402AB23228008B7ED0 /* Base */,
			);
			name = LaunchScreen.storyboard;
			sourceTree = "<group>";
		};
/* End PBXVariantGroup section */

/* Begin XCBuildConfiguration section */
		DEF361432AB23228008B7ED0 /* Debug */ = {
			isa = XCBuildConfiguration;
			buildSettings = {
				ALWAYS_SEARCH_USER_PATHS = NO;
				CLANG_ANALYZER_NONNULL = YES;
				CLANG_ANALYZER_NUMBER_OBJECT_CONVERSION = YES_AGGRESSIVE;
				CLANG_CXX_LANGUAGE_STANDARD = "gnu++20";
				CLANG_ENABLE_MODULES = YES;
				CLANG_ENABLE_OBJC_ARC = YES;
				CLANG_ENABLE_OBJC_WEAK = YES;
				CLANG_WARN_BLOCK_CAPTURE_AUTORELEASING = YES;
				CLANG_WARN_BOOL_CONVERSION = YES;
				CLANG_WARN_COMMA = YES;
				CLANG_WARN_CONSTANT_CONVERSION = YES;
				CLANG_WARN_DEPRECATED_OBJC_IMPLEMENTATIONS = YES;
				CLANG_WARN_DIRECT_OBJC_ISA_USAGE = YES_ERROR;
				CLANG_WARN_DOCUMENTATION_COMMENTS = YES;
				CLANG_WARN_EMPTY_BODY = YES;
				CLANG_WARN_ENUM_CONVERSION = YES;
				CLANG_WARN_INFINITE_RECURSION = YES;
				CLANG_WARN_INT_CONVERSION = YES;
				CLANG_WARN_NON_LITERAL_NULL_CONVERSION = YES;
				CLANG_WARN_OBJC_IMPLICIT_RETAIN_SELF = YES;
				CLANG_WARN_OBJC_LITERAL_CONVERSION = YES;
				CLANG_WARN_OBJC_ROOT_CLASS = YES_ERROR;
				CLANG_WARN_QUOTED_INCLUDE_IN_FRAMEWORK_HEADER = YES;
				CLANG_WARN_RANGE_LOOP_ANALYSIS = YES;
				CLANG_WARN_STRICT_PROTOTYPES = YES;
				CLANG_WARN_SUSPICIOUS_MOVE = YES;
				CLANG_WARN_UNGUARDED_AVAILABILITY = YES_AGGRESSIVE;
				CLANG_WARN_UNREACHABLE_CODE = YES;
				CLANG_WARN__DUPLICATE_METHOD_MATCH = YES;
				COPY_PHASE_STRIP = NO;
				DEBUG_INFORMATION_FORMAT = dwarf;
				ENABLE_STRICT_OBJC_MSGSEND = YES;
				ENABLE_TESTABILITY = YES;
				GCC_C_LANGUAGE_STANDARD = gnu11;
				GCC_DYNAMIC_NO_PIC = NO;
				GCC_NO_COMMON_BLOCKS = YES;
				GCC_OPTIMIZATION_LEVEL = 0;
				GCC_PREPROCESSOR_DEFINITIONS = (
					"DEBUG=1",
					"$(inherited)",
				);
				GCC_WARN_64_TO_32_BIT_CONVERSION = YES;
				GCC_WARN_ABOUT_RETURN_TYPE = YES_ERROR;
				GCC_WARN_UNDECLARED_SELECTOR = YES;
				GCC_WARN_UNINITIALIZED_AUTOS = YES_AGGRESSIVE;
				GCC_WARN_UNUSED_FUNCTION = YES;
				GCC_WARN_UNUSED_VARIABLE = YES;
				IPHONEOS_DEPLOYMENT_TARGET = 16.4;
				MTL_ENABLE_DEBUG_INFO = INCLUDE_SOURCE;
				MTL_FAST_MATH = YES;
				ONLY_ACTIVE_ARCH = YES;
				SDKROOT = iphoneos;
				SWIFT_ACTIVE_COMPILATION_CONDITIONS = DEBUG;
				SWIFT_OPTIMIZATION_LEVEL = "-Onone";
			};
			name = Debug;
		};
		DEF361442AB23228008B7ED0 /* Release */ = {
			isa = XCBuildConfiguration;
			buildSettings = {
				ALWAYS_SEARCH_USER_PATHS = NO;
				CLANG_ANALYZER_NONNULL = YES;
				CLANG_ANALYZER_NUMBER_OBJECT_CONVERSION = YES_AGGRESSIVE;
				CLANG_CXX_LANGUAGE_STANDARD = "gnu++20";
				CLANG_ENABLE_MODULES = YES;
				CLANG_ENABLE_OBJC_ARC = YES;
				CLANG_ENABLE_OBJC_WEAK = YES;
				CLANG_WARN_BLOCK_CAPTURE_AUTORELEASING = YES;
				CLANG_WARN_BOOL_CONVERSION = YES;
				CLANG_WARN_COMMA = YES;
				CLANG_WARN_CONSTANT_CONVERSION = YES;
				CLANG_WARN_DEPRECATED_OBJC_IMPLEMENTATIONS = YES;
				CLANG_WARN_DIRECT_OBJC_ISA_USAGE = YES_ERROR;
				CLANG_WARN_DOCUMENTATION_COMMENTS = YES;
				CLANG_WARN_EMPTY_BODY = YES;
				CLANG_WARN_ENUM_CONVERSION = YES;
				CLANG_WARN_INFINITE_RECURSION = YES;
				CLANG_WARN_INT_CONVERSION = YES;
				CLANG_WARN_NON_LITERAL_NULL_CONVERSION = YES;
				CLANG_WARN_OBJC_IMPLICIT_RETAIN_SELF = YES;
				CLANG_WARN_OBJC_LITERAL_CONVERSION = YES;
				CLANG_WARN_OBJC_ROOT_CLASS = YES_ERROR;
				CLANG_WARN_QUOTED_INCLUDE_IN_FRAMEWORK_HEADER = YES;
				CLANG_WARN_RANGE_LOOP_ANALYSIS = YES;
				CLANG_WARN_STRICT_PROTOTYPES = YES;
				CLANG_WARN_SUSPICIOUS_MOVE = YES;
				CLANG_WARN_UNGUARDED_AVAILABILITY = YES_AGGRESSIVE;
				CLANG_WARN_UNREACHABLE_CODE = YES;
				CLANG_WARN__DUPLICATE_METHOD_MATCH = YES;
				COPY_PHASE_STRIP = NO;
				DEBUG_INFORMATION_FORMAT = "dwarf-with-dsym";
				ENABLE_NS_ASSERTIONS = NO;
				ENABLE_STRICT_OBJC_MSGSEND = YES;
				GCC_C_LANGUAGE_STANDARD = gnu11;
				GCC_NO_COMMON_BLOCKS = YES;
				GCC_WARN_64_TO_32_BIT_CONVERSION = YES;
				GCC_WARN_ABOUT_RETURN_TYPE = YES_ERROR;
				GCC_WARN_UNDECLARED_SELECTOR = YES;
				GCC_WARN_UNINITIALIZED_AUTOS = YES_AGGRESSIVE;
				GCC_WARN_UNUSED_FUNCTION = YES;
				GCC_WARN_UNUSED_VARIABLE = YES;
				IPHONEOS_DEPLOYMENT_TARGET = 16.4;
				MTL_ENABLE_DEBUG_INFO = NO;
				MTL_FAST_MATH = YES;
				SDKROOT = iphoneos;
				SWIFT_COMPILATION_MODE = wholemodule;
				SWIFT_OPTIMIZATION_LEVEL = "-O";
				VALIDATE_PRODUCT = YES;
			};
			name = Release;
		};
		DEF361462AB23228008B7ED0 /* Debug */ = {
			isa = XCBuildConfiguration;
			buildSettings = {
				ASSETCATALOG_COMPILER_APPICON_NAME = AppIcon;
				ASSETCATALOG_COMPILER_GLOBAL_ACCENT_COLOR_NAME = AccentColor;
				CODE_SIGN_STYLE = Automatic;
				CURRENT_PROJECT_VERSION = 1;
				DEVELOPMENT_TEAM = R5RPU2QP33;
				GENERATE_INFOPLIST_FILE = YES;
				INFOPLIST_FILE = LotteryAPIwithMVVM/Info.plist;
				INFOPLIST_KEY_UIApplicationSupportsIndirectInputEvents = YES;
				INFOPLIST_KEY_UILaunchStoryboardName = LaunchScreen;
				INFOPLIST_KEY_UISupportedInterfaceOrientations_iPad = "UIInterfaceOrientationPortrait UIInterfaceOrientationPortraitUpsideDown UIInterfaceOrientationLandscapeLeft UIInterfaceOrientationLandscapeRight";
				INFOPLIST_KEY_UISupportedInterfaceOrientations_iPhone = "UIInterfaceOrientationPortrait UIInterfaceOrientationLandscapeLeft UIInterfaceOrientationLandscapeRight";
				IPHONEOS_DEPLOYMENT_TARGET = 15.0;
				LD_RUNPATH_SEARCH_PATHS = (
					"$(inherited)",
					"@executable_path/Frameworks",
				);
				MARKETING_VERSION = 1.0;
				PRODUCT_BUNDLE_IDENTIFIER = unicus.fortis.LotteryAPIwithMVVM;
				PRODUCT_NAME = "$(TARGET_NAME)";
				SWIFT_EMIT_LOC_STRINGS = YES;
				SWIFT_VERSION = 5.0;
				TARGETED_DEVICE_FAMILY = "1,2";
			};
			name = Debug;
		};
		DEF361472AB23228008B7ED0 /* Release */ = {
			isa = XCBuildConfiguration;
			buildSettings = {
				ASSETCATALOG_COMPILER_APPICON_NAME = AppIcon;
				ASSETCATALOG_COMPILER_GLOBAL_ACCENT_COLOR_NAME = AccentColor;
				CODE_SIGN_STYLE = Automatic;
				CURRENT_PROJECT_VERSION = 1;
				DEVELOPMENT_TEAM = R5RPU2QP33;
				GENERATE_INFOPLIST_FILE = YES;
				INFOPLIST_FILE = LotteryAPIwithMVVM/Info.plist;
				INFOPLIST_KEY_UIApplicationSupportsIndirectInputEvents = YES;
				INFOPLIST_KEY_UILaunchStoryboardName = LaunchScreen;
				INFOPLIST_KEY_UISupportedInterfaceOrientations_iPad = "UIInterfaceOrientationPortrait UIInterfaceOrientationPortraitUpsideDown UIInterfaceOrientationLandscapeLeft UIInterfaceOrientationLandscapeRight";
				INFOPLIST_KEY_UISupportedInterfaceOrientations_iPhone = "UIInterfaceOrientationPortrait UIInterfaceOrientationLandscapeLeft UIInterfaceOrientationLandscapeRight";
				IPHONEOS_DEPLOYMENT_TARGET = 15.0;
				LD_RUNPATH_SEARCH_PATHS = (
					"$(inherited)",
					"@executable_path/Frameworks",
				);
				MARKETING_VERSION = 1.0;
				PRODUCT_BUNDLE_IDENTIFIER = unicus.fortis.LotteryAPIwithMVVM;
				PRODUCT_NAME = "$(TARGET_NAME)";
				SWIFT_EMIT_LOC_STRINGS = YES;
				SWIFT_VERSION = 5.0;
				TARGETED_DEVICE_FAMILY = "1,2";
			};
			name = Release;
		};
/* End XCBuildConfiguration section */

/* Begin XCConfigurationList section */
		DEF3612C2AB23227008B7ED0 /* Build configuration list for PBXProject "LotteryAPIwithMVVM" */ = {
			isa = XCConfigurationList;
			buildConfigurations = (
				DEF361432AB23228008B7ED0 /* Debug */,
				DEF361442AB23228008B7ED0 /* Release */,
			);
			defaultConfigurationIsVisible = 0;
			defaultConfigurationName = Release;
		};
		DEF361452AB23228008B7ED0 /* Build configuration list for PBXNativeTarget "LotteryAPIwithMVVM" */ = {
			isa = XCConfigurationList;
			buildConfigurations = (
				DEF361462AB23228008B7ED0 /* Debug */,
				DEF361472AB23228008B7ED0 /* Release */,
			);
			defaultConfigurationIsVisible = 0;
			defaultConfigurationName = Release;
		};
/* End XCConfigurationList section */

/* Begin XCRemoteSwiftPackageReference section */
		DEF361572AB242F3008B7ED0 /* XCRemoteSwiftPackageReference "SnapKit" */ = {
			isa = XCRemoteSwiftPackageReference;
			repositoryURL = "https://github.com/SnapKit/SnapKit";
			requirement = {
				kind = upToNextMajorVersion;
				minimumVersion = 5.0.0;
			};
		};
/* End XCRemoteSwiftPackageReference section */

/* Begin XCSwiftPackageProductDependency section */
		DEF361582AB242F3008B7ED0 /* SnapKit */ = {
			isa = XCSwiftPackageProductDependency;
			package = DEF361572AB242F3008B7ED0 /* XCRemoteSwiftPackageReference "SnapKit" */;
			productName = SnapKit;
		};
/* End XCSwiftPackageProductDependency section */
	};
	rootObject = DEF361292AB23227008B7ED0 /* Project object */;
}
